
Microsoft Visual Studio Solution File, Format Version 12.00
# Visual Studio Version 17
VisualStudioVersion = 17.10.34916.146
MinimumVisualStudioVersion = 10.0.40219.1
Project("{FAE04EC0-301F-11D3-BF4B-00C04F79EFBC}") = "Calculator", "Calculator.csproj", "{B432C2B2-2175-4A0B-802F-149668EA331F}"
EndProject
Project("{2150E333-8FDC-42A3-9474-1A3956D46DE8}") = "Solution Items", "Solution Items", "{132BED24-B312-4BD3-BC9B-9424DD10E350}"
	ProjectSection(SolutionItems) = preProject
		Calculator.Controller.cs = Calculator.Controller.cs
	EndProjectSection
EndProject
Global
	GlobalSection(SolutionConfigurationPlatforms) = preSolution
		Debug|Any CPU = Debug|Any CPU
		Release|Any CPU = Release|Any CPU
	EndGlobalSection
	GlobalSection(ProjectConfigurationPlatforms) = postSolution
		{B432C2B2-2175-4A0B-802F-149668EA331F}.Debug|Any CPU.ActiveCfg = Debug|Any CPU
		{B432C2B2-2175-4A0B-802F-149668EA331F}.Debug|Any CPU.Build.0 = Debug|Any CPU
		{B432C2B2-2175-4A0B-802F-149668EA331F}.Release|Any CPU.ActiveCfg = Release|Any CPU
		{B432C2B2-2175-4A0B-802F-149668EA331F}.Release|Any CPU.Build.0 = Release|Any CPU
	EndGlobalSection
	GlobalSection(SolutionProperties) = preSolution
		HideSolutionNode = FALSE
	EndGlobalSection
	GlobalSection(ExtensibilityGlobals) = postSolution
		SolutionGuid = {0558E457-8630-4B09-B186-86908CC48E3B}
	EndGlobalSection
EndGlobal
